
Microsoft Visual Studio Solution File, Format Version 12.00
# Visual Studio Version 17
VisualStudioVersion = 17.7.34221.43
MinimumVisualStudioVersion = 10.0.40219.1
Project("{9A19103F-16F7-4668-BE54-9A1E7A4F7556}") = "01-VeriTipleriVeDegiskenler", "01-VeriTipleriVeDegiskenler\01-VeriTipleriVeDegiskenler.csproj", "{2765FA0A-9BCB-4AA8-A813-CCFA36A17A0E}"
EndProject
Project("{9A19103F-16F7-4668-BE54-9A1E7A4F7556}") = "02-AritmetikselOperatorler", "02-AritmetikselOperatorler\02-AritmetikselOperatorler.csproj", "{CD8CB14F-27F5-4E16-969C-E3D9A2528A4E}"
EndProject
Project("{9A19103F-16F7-4668-BE54-9A1E7A4F7556}") = "Ödev1", "Ödev1\Ödev1.csproj", "{3C863383-061F-4A50-A5CC-64A28071229F}"
EndProject
Project("{9A19103F-16F7-4668-BE54-9A1E7A4F7556}") = "Ödev2", "Ödev2\Ödev2.csproj", "{83CB8E2E-A01B-40A5-B53D-A5E39FC1226A}"
EndProject
Project("{9A19103F-16F7-4668-BE54-9A1E7A4F7556}") = "03-TipDonusturmeMetotlari", "03-TipDonusturmeMetotlari\03-TipDonusturmeMetotlari.csproj", "{3FBA78EF-EC62-443D-B3C3-554F7C84A334}"
EndProject
Project("{9A19103F-16F7-4668-BE54-9A1E7A4F7556}") = "04_MantiksalOperatorlerveIfElse", "04_MantiksalOperatorlerveIfElse\04_MantiksalOperatorlerveIfElse.csproj", "{54B1FAC1-7DEF-423E-8F17-0CE143D7B96B}"
EndProject
Project("{9A19103F-16F7-4668-BE54-9A1E7A4F7556}") = "05-SwitchCaseKullanimi", "05-SwitchCaseKullanımı\05-SwitchCaseKullanimi.csproj", "{5128F3DF-6CF0-45DB-90E5-C76E66E5A9BA}"
EndProject
Project("{9A19103F-16F7-4668-BE54-9A1E7A4F7556}") = "06-TryCatchKullanimi", "06-TryCatchKullanimi\06-TryCatchKullanimi.csproj", "{7CD15738-917E-4126-98C5-7F01F52FEFBE}"
EndProject
Project("{9A19103F-16F7-4668-BE54-9A1E7A4F7556}") = "07-ForDongusu", "07-ForDongusu\07-ForDongusu.csproj", "{9AEDEB59-EEA1-4D6D-A673-60F325B65C21}"
EndProject
Project("{9A19103F-16F7-4668-BE54-9A1E7A4F7556}") = "08-WhileDongusu", "08-WhileDongusu\08-WhileDongusu.csproj", "{3EC56554-7548-416A-919A-AA62C784DA21}"
EndProject
Project("{9A19103F-16F7-4668-BE54-9A1E7A4F7556}") = "09-DoWhiledongusu", "09-DoWhiledongusu\09-DoWhiledongusu.csproj", "{BA69000B-3031-4F30-BD30-8DAD8B9EAC55}"
EndProject
Project("{9A19103F-16F7-4668-BE54-9A1E7A4F7556}") = "ödev", "ödev\ödev.csproj", "{88280BB6-7843-4761-A773-0EF1CE7FD80E}"
EndProject
Project("{9A19103F-16F7-4668-BE54-9A1E7A4F7556}") = "Notodevi", "Notodevi\Notodevi.csproj", "{CB8E5A20-346A-408B-A1B5-08A71C5E9820}"
EndProject
Project("{9A19103F-16F7-4668-BE54-9A1E7A4F7556}") = "Trafiklambasi", "Trafiklambasi\Trafiklambasi.csproj", "{5D5800C5-6D7D-4D09-A7F9-6AAB142B4F31}"
EndProject
Project("{9A19103F-16F7-4668-BE54-9A1E7A4F7556}") = "Hesapmakinesi", "Hesapmakinesi\Hesapmakinesi.csproj", "{33729C54-7634-4F53-B8EF-716D501DDF1B}"
EndProject
Project("{9A19103F-16F7-4668-BE54-9A1E7A4F7556}") = "10_Break_Continue_Keywords", "10_Break_Continue_Keywords\10_Break_Continue_Keywords.csproj", "{8F02F80E-61D1-4831-B1A0-9BE9144A32C6}"
EndProject
Project("{9A19103F-16F7-4668-BE54-9A1E7A4F7556}") = "11_DiziKavrami", "11_DiziKavrami\11_DiziKavrami.csproj", "{3B7189AF-2070-4AB0-AEA4-1D9673ACF5C0}"
EndProject
Project("{9A19103F-16F7-4668-BE54-9A1E7A4F7556}") = "12_ForeachDongusu", "12_ForeachDongusu\12_ForeachDongusu.csproj", "{B1A92939-4DDA-45D3-A28D-86DFFFE07871}"
EndProject
Project("{9A19103F-16F7-4668-BE54-9A1E7A4F7556}") = "13_DiziMetotlari", "13_DiziMetotlari\13_DiziMetotlari.csproj", "{F7FECFEA-4936-48ED-8A03-83BD2ADA1D19}"
EndProject
Project("{FAE04EC0-301F-11D3-BF4B-00C04F79EFBC}") = "14_MethodKavrami", "14_MethodKavrami\14_MethodKavrami.csproj", "{DF8AD633-1D63-43A6-856F-A7109A4E4F24}"
EndProject
Project("{FAE04EC0-301F-11D3-BF4B-00C04F79EFBC}") = "15_StringMethodlari", "15_StringMethodlari\15_StringMethodlari.csproj", "{44514B52-4B6A-4A59-AB3F-7EEBA4B75BBF}"
EndProject
Global
	GlobalSection(SolutionConfigurationPlatforms) = preSolution
		Debug|Any CPU = Debug|Any CPU
		Release|Any CPU = Release|Any CPU
	EndGlobalSection
	GlobalSection(ProjectConfigurationPlatforms) = postSolution
		{2765FA0A-9BCB-4AA8-A813-CCFA36A17A0E}.Debug|Any CPU.ActiveCfg = Debug|Any CPU
		{2765FA0A-9BCB-4AA8-A813-CCFA36A17A0E}.Debug|Any CPU.Build.0 = Debug|Any CPU
		{2765FA0A-9BCB-4AA8-A813-CCFA36A17A0E}.Release|Any CPU.ActiveCfg = Release|Any CPU
		{2765FA0A-9BCB-4AA8-A813-CCFA36A17A0E}.Release|Any CPU.Build.0 = Release|Any CPU
		{CD8CB14F-27F5-4E16-969C-E3D9A2528A4E}.Debug|Any CPU.ActiveCfg = Debug|Any CPU
		{CD8CB14F-27F5-4E16-969C-E3D9A2528A4E}.Debug|Any CPU.Build.0 = Debug|Any CPU
		{CD8CB14F-27F5-4E16-969C-E3D9A2528A4E}.Release|Any CPU.ActiveCfg = Release|Any CPU
		{CD8CB14F-27F5-4E16-969C-E3D9A2528A4E}.Release|Any CPU.Build.0 = Release|Any CPU
		{3C863383-061F-4A50-A5CC-64A28071229F}.Debug|Any CPU.ActiveCfg = Debug|Any CPU
		{3C863383-061F-4A50-A5CC-64A28071229F}.Debug|Any CPU.Build.0 = Debug|Any CPU
		{3C863383-061F-4A50-A5CC-64A28071229F}.Release|Any CPU.ActiveCfg = Release|Any CPU
		{3C863383-061F-4A50-A5CC-64A28071229F}.Release|Any CPU.Build.0 = Release|Any CPU
		{83CB8E2E-A01B-40A5-B53D-A5E39FC1226A}.Debug|Any CPU.ActiveCfg = Debug|Any CPU
		{83CB8E2E-A01B-40A5-B53D-A5E39FC1226A}.Debug|Any CPU.Build.0 = Debug|Any CPU
		{83CB8E2E-A01B-40A5-B53D-A5E39FC1226A}.Release|Any CPU.ActiveCfg = Release|Any CPU
		{83CB8E2E-A01B-40A5-B53D-A5E39FC1226A}.Release|Any CPU.Build.0 = Release|Any CPU
		{3FBA78EF-EC62-443D-B3C3-554F7C84A334}.Debug|Any CPU.ActiveCfg = Debug|Any CPU
		{3FBA78EF-EC62-443D-B3C3-554F7C84A334}.Debug|Any CPU.Build.0 = Debug|Any CPU
		{3FBA78EF-EC62-443D-B3C3-554F7C84A334}.Release|Any CPU.ActiveCfg = Release|Any CPU
		{3FBA78EF-EC62-443D-B3C3-554F7C84A334}.Release|Any CPU.Build.0 = Release|Any CPU
		{54B1FAC1-7DEF-423E-8F17-0CE143D7B96B}.Debug|Any CPU.ActiveCfg = Debug|Any CPU
		{54B1FAC1-7DEF-423E-8F17-0CE143D7B96B}.Debug|Any CPU.Build.0 = Debug|Any CPU
		{54B1FAC1-7DEF-423E-8F17-0CE143D7B96B}.Release|Any CPU.ActiveCfg = Release|Any CPU
		{54B1FAC1-7DEF-423E-8F17-0CE143D7B96B}.Release|Any CPU.Build.0 = Release|Any CPU
		{5128F3DF-6CF0-45DB-90E5-C76E66E5A9BA}.Debug|Any CPU.ActiveCfg = Debug|Any CPU
		{5128F3DF-6CF0-45DB-90E5-C76E66E5A9BA}.Debug|Any CPU.Build.0 = Debug|Any CPU
		{5128F3DF-6CF0-45DB-90E5-C76E66E5A9BA}.Release|Any CPU.ActiveCfg = Release|Any CPU
		{5128F3DF-6CF0-45DB-90E5-C76E66E5A9BA}.Release|Any CPU.Build.0 = Release|Any CPU
		{7CD15738-917E-4126-98C5-7F01F52FEFBE}.Debug|Any CPU.ActiveCfg = Debug|Any CPU
		{7CD15738-917E-4126-98C5-7F01F52FEFBE}.Debug|Any CPU.Build.0 = Debug|Any CPU
		{7CD15738-917E-4126-98C5-7F01F52FEFBE}.Release|Any CPU.ActiveCfg = Release|Any CPU
		{7CD15738-917E-4126-98C5-7F01F52FEFBE}.Release|Any CPU.Build.0 = Release|Any CPU
		{9AEDEB59-EEA1-4D6D-A673-60F325B65C21}.Debug|Any CPU.ActiveCfg = Debug|Any CPU
		{9AEDEB59-EEA1-4D6D-A673-60F325B65C21}.Debug|Any CPU.Build.0 = Debug|Any CPU
		{9AEDEB59-EEA1-4D6D-A673-60F325B65C21}.Release|Any CPU.ActiveCfg = Release|Any CPU
		{9AEDEB59-EEA1-4D6D-A673-60F325B65C21}.Release|Any CPU.Build.0 = Release|Any CPU
		{3EC56554-7548-416A-919A-AA62C784DA21}.Debug|Any CPU.ActiveCfg = Debug|Any CPU
		{3EC56554-7548-416A-919A-AA62C784DA21}.Debug|Any CPU.Build.0 = Debug|Any CPU
		{3EC56554-7548-416A-919A-AA62C784DA21}.Release|Any CPU.ActiveCfg = Release|Any CPU
		{3EC56554-7548-416A-919A-AA62C784DA21}.Release|Any CPU.Build.0 = Release|Any CPU
		{BA69000B-3031-4F30-BD30-8DAD8B9EAC55}.Debug|Any CPU.ActiveCfg = Debug|Any CPU
		{BA69000B-3031-4F30-BD30-8DAD8B9EAC55}.Debug|Any CPU.Build.0 = Debug|Any CPU
		{BA69000B-3031-4F30-BD30-8DAD8B9EAC55}.Release|Any CPU.ActiveCfg = Release|Any CPU
		{BA69000B-3031-4F30-BD30-8DAD8B9EAC55}.Release|Any CPU.Build.0 = Release|Any CPU
		{88280BB6-7843-4761-A773-0EF1CE7FD80E}.Debug|Any CPU.ActiveCfg = Debug|Any CPU
		{88280BB6-7843-4761-A773-0EF1CE7FD80E}.Debug|Any CPU.Build.0 = Debug|Any CPU
		{88280BB6-7843-4761-A773-0EF1CE7FD80E}.Release|Any CPU.ActiveCfg = Release|Any CPU
		{88280BB6-7843-4761-A773-0EF1CE7FD80E}.Release|Any CPU.Build.0 = Release|Any CPU
		{CB8E5A20-346A-408B-A1B5-08A71C5E9820}.Debug|Any CPU.ActiveCfg = Debug|Any CPU
		{CB8E5A20-346A-408B-A1B5-08A71C5E9820}.Debug|Any CPU.Build.0 = Debug|Any CPU
		{CB8E5A20-346A-408B-A1B5-08A71C5E9820}.Release|Any CPU.ActiveCfg = Release|Any CPU
		{CB8E5A20-346A-408B-A1B5-08A71C5E9820}.Release|Any CPU.Build.0 = Release|Any CPU
		{5D5800C5-6D7D-4D09-A7F9-6AAB142B4F31}.Debug|Any CPU.ActiveCfg = Debug|Any CPU
		{5D5800C5-6D7D-4D09-A7F9-6AAB142B4F31}.Debug|Any CPU.Build.0 = Debug|Any CPU
		{5D5800C5-6D7D-4D09-A7F9-6AAB142B4F31}.Release|Any CPU.ActiveCfg = Release|Any CPU
		{5D5800C5-6D7D-4D09-A7F9-6AAB142B4F31}.Release|Any CPU.Build.0 = Release|Any CPU
		{33729C54-7634-4F53-B8EF-716D501DDF1B}.Debug|Any CPU.ActiveCfg = Debug|Any CPU
		{33729C54-7634-4F53-B8EF-716D501DDF1B}.Debug|Any CPU.Build.0 = Debug|Any CPU
		{33729C54-7634-4F53-B8EF-716D501DDF1B}.Release|Any CPU.ActiveCfg = Release|Any CPU
		{33729C54-7634-4F53-B8EF-716D501DDF1B}.Release|Any CPU.Build.0 = Release|Any CPU
		{8F02F80E-61D1-4831-B1A0-9BE9144A32C6}.Debug|Any CPU.ActiveCfg = Debug|Any CPU
		{8F02F80E-61D1-4831-B1A0-9BE9144A32C6}.Debug|Any CPU.Build.0 = Debug|Any CPU
		{8F02F80E-61D1-4831-B1A0-9BE9144A32C6}.Release|Any CPU.ActiveCfg = Release|Any CPU
		{8F02F80E-61D1-4831-B1A0-9BE9144A32C6}.Release|Any CPU.Build.0 = Release|Any CPU
		{3B7189AF-2070-4AB0-AEA4-1D9673ACF5C0}.Debug|Any CPU.ActiveCfg = Debug|Any CPU
		{3B7189AF-2070-4AB0-AEA4-1D9673ACF5C0}.Debug|Any CPU.Build.0 = Debug|Any CPU
		{3B7189AF-2070-4AB0-AEA4-1D9673ACF5C0}.Release|Any CPU.ActiveCfg = Release|Any CPU
		{3B7189AF-2070-4AB0-AEA4-1D9673ACF5C0}.Release|Any CPU.Build.0 = Release|Any CPU
		{B1A92939-4DDA-45D3-A28D-86DFFFE07871}.Debug|Any CPU.ActiveCfg = Debug|Any CPU
		{B1A92939-4DDA-45D3-A28D-86DFFFE07871}.Debug|Any CPU.Build.0 = Debug|Any CPU
		{B1A92939-4DDA-45D3-A28D-86DFFFE07871}.Release|Any CPU.ActiveCfg = Release|Any CPU
		{B1A92939-4DDA-45D3-A28D-86DFFFE07871}.Release|Any CPU.Build.0 = Release|Any CPU
		{F7FECFEA-4936-48ED-8A03-83BD2ADA1D19}.Debug|Any CPU.ActiveCfg = Debug|Any CPU
		{F7FECFEA-4936-48ED-8A03-83BD2ADA1D19}.Debug|Any CPU.Build.0 = Debug|Any CPU
		{F7FECFEA-4936-48ED-8A03-83BD2ADA1D19}.Release|Any CPU.ActiveCfg = Release|Any CPU
		{F7FECFEA-4936-48ED-8A03-83BD2ADA1D19}.Release|Any CPU.Build.0 = Release|Any CPU
		{DF8AD633-1D63-43A6-856F-A7109A4E4F24}.Debug|Any CPU.ActiveCfg = Debug|Any CPU
		{DF8AD633-1D63-43A6-856F-A7109A4E4F24}.Debug|Any CPU.Build.0 = Debug|Any CPU
		{DF8AD633-1D63-43A6-856F-A7109A4E4F24}.Release|Any CPU.ActiveCfg = Release|Any CPU
		{DF8AD633-1D63-43A6-856F-A7109A4E4F24}.Release|Any CPU.Build.0 = Release|Any CPU
		{44514B52-4B6A-4A59-AB3F-7EEBA4B75BBF}.Debug|Any CPU.ActiveCfg = Debug|Any CPU
		{44514B52-4B6A-4A59-AB3F-7EEBA4B75BBF}.Debug|Any CPU.Build.0 = Debug|Any CPU
		{44514B52-4B6A-4A59-AB3F-7EEBA4B75BBF}.Release|Any CPU.ActiveCfg = Release|Any CPU
		{44514B52-4B6A-4A59-AB3F-7EEBA4B75BBF}.Release|Any CPU.Build.0 = Release|Any CPU
	EndGlobalSection
	GlobalSection(SolutionProperties) = preSolution
		HideSolutionNode = FALSE
	EndGlobalSection
	GlobalSection(ExtensibilityGlobals) = postSolution
		SolutionGuid = {C65053D5-8953-4FFB-9BD2-C8AB2CDF5916}
	EndGlobalSection
EndGlobal
